
Microsoft Visual Studio Solution File, Format Version 12.00
# Visual Studio Version 16
VisualStudioVersion = 16.0.31205.134
MinimumVisualStudioVersion = 10.0.40219.1
Project("{FAE04EC0-301F-11D3-BF4B-00C04F79EFBC}") = "Physicwmp.Android", "Physicwmp.Android\Physicwmp.Android.csproj", "{A3831F6A-4AFB-4757-970C-9E4533A52536}"
EndProject
Project("{FAE04EC0-301F-11D3-BF4B-00C04F79EFBC}") = "Physicwmp.iOS", "Physicwmp.iOS\Physicwmp.iOS.csproj", "{13974054-38B4-4C11-9E54-07993126F0F4}"
EndProject
Project("{9A19103F-16F7-4668-BE54-9A1E7A4F7556}") = "Physicwmp", "Physicwmp\Physicwmp.csproj", "{43E88EA3-C827-4467-917A-46B96CCB8A56}"
EndProject
Global
	GlobalSection(SolutionConfigurationPlatforms) = preSolution
		Debug|Any CPU = Debug|Any CPU
		Debug|iPhone = Debug|iPhone
		Debug|iPhoneSimulator = Debug|iPhoneSimulator
		Release|Any CPU = Release|Any CPU
		Release|iPhone = Release|iPhone
		Release|iPhoneSimulator = Release|iPhoneSimulator
	EndGlobalSection
	GlobalSection(ProjectConfigurationPlatforms) = postSolution
		{A3831F6A-4AFB-4757-970C-9E4533A52536}.Debug|Any CPU.ActiveCfg = Debug|Any CPU
		{A3831F6A-4AFB-4757-970C-9E4533A52536}.Debug|Any CPU.Build.0 = Debug|Any CPU
		{A3831F6A-4AFB-4757-970C-9E4533A52536}.Debug|Any CPU.Deploy.0 = Debug|Any CPU
		{A3831F6A-4AFB-4757-970C-9E4533A52536}.Debug|iPhone.ActiveCfg = Debug|Any CPU
		{A3831F6A-4AFB-4757-970C-9E4533A52536}.Debug|iPhone.Build.0 = Debug|Any CPU
		{A3831F6A-4AFB-4757-970C-9E4533A52536}.Debug|iPhone.Deploy.0 = Debug|Any CPU
		{A3831F6A-4AFB-4757-970C-9E4533A52536}.Debug|iPhoneSimulator.ActiveCfg = Debug|Any CPU
		{A3831F6A-4AFB-4757-970C-9E4533A52536}.Debug|iPhoneSimulator.Build.0 = Debug|Any CPU
		{A3831F6A-4AFB-4757-970C-9E4533A52536}.Debug|iPhoneSimulator.Deploy.0 = Debug|Any CPU
		{A3831F6A-4AFB-4757-970C-9E4533A52536}.Release|Any CPU.ActiveCfg = Release|Any CPU
		{A3831F6A-4AFB-4757-970C-9E4533A52536}.Release|Any CPU.Build.0 = Release|Any CPU
		{A3831F6A-4AFB-4757-970C-9E4533A52536}.Release|Any CPU.Deploy.0 = Release|Any CPU
		{A3831F6A-4AFB-4757-970C-9E4533A52536}.Release|iPhone.ActiveCfg = Release|Any CPU
		{A3831F6A-4AFB-4757-970C-9E4533A52536}.Release|iPhone.Build.0 = Release|Any CPU
		{A3831F6A-4AFB-4757-970C-9E4533A52536}.Release|iPhone.Deploy.0 = Release|Any CPU
		{A3831F6A-4AFB-4757-970C-9E4533A52536}.Release|iPhoneSimulator.ActiveCfg = Release|Any CPU
		{A3831F6A-4AFB-4757-970C-9E4533A52536}.Release|iPhoneSimulator.Build.0 = Release|Any CPU
		{A3831F6A-4AFB-4757-970C-9E4533A52536}.Release|iPhoneSimulator.Deploy.0 = Release|Any CPU
		{13974054-38B4-4C11-9E54-07993126F0F4}.Debug|Any CPU.ActiveCfg = Debug|iPhone
		{13974054-38B4-4C11-9E54-07993126F0F4}.Debug|Any CPU.Build.0 = Debug|iPhone
		{13974054-38B4-4C11-9E54-07993126F0F4}.Debug|Any CPU.Deploy.0 = Debug|iPhone
		{13974054-38B4-4C11-9E54-07993126F0F4}.Debug|iPhone.ActiveCfg = Debug|iPhone
		{13974054-38B4-4C11-9E54-07993126F0F4}.Debug|iPhone.Build.0 = Debug|iPhone
		{13974054-38B4-4C11-9E54-07993126F0F4}.Debug|iPhone.Deploy.0 = Debug|iPhone
		{13974054-38B4-4C11-9E54-07993126F0F4}.Debug|iPhoneSimulator.ActiveCfg = Debug|iPhoneSimulator
		{13974054-38B4-4C11-9E54-07993126F0F4}.Debug|iPhoneSimulator.Build.0 = Debug|iPhoneSimulator
		{13974054-38B4-4C11-9E54-07993126F0F4}.Debug|iPhoneSimulator.Deploy.0 = Debug|iPhoneSimulator
		{13974054-38B4-4C11-9E54-07993126F0F4}.Release|Any CPU.ActiveCfg = Release|iPhoneSimulator
		{13974054-38B4-4C11-9E54-07993126F0F4}.Release|Any CPU.Build.0 = Release|iPhoneSimulator
		{13974054-38B4-4C11-9E54-07993126F0F4}.Release|Any CPU.Deploy.0 = Release|iPhoneSimulator
		{13974054-38B4-4C11-9E54-07993126F0F4}.Release|iPhone.ActiveCfg = Release|iPhone
		{13974054-38B4-4C11-9E54-07993126F0F4}.Release|iPhone.Build.0 = Release|iPhone
		{13974054-38B4-4C11-9E54-07993126F0F4}.Release|iPhone.Deploy.0 = Release|iPhone
		{13974054-38B4-4C11-9E54-07993126F0F4}.Release|iPhoneSimulator.ActiveCfg = Release|iPhoneSimulator
		{13974054-38B4-4C11-9E54-07993126F0F4}.Release|iPhoneSimulator.Build.0 = Release|iPhoneSimulator
		{13974054-38B4-4C11-9E54-07993126F0F4}.Release|iPhoneSimulator.Deploy.0 = Release|iPhoneSimulator
		{43E88EA3-C827-4467-917A-46B96CCB8A56}.Debug|Any CPU.ActiveCfg = Debug|Any CPU
		{43E88EA3-C827-4467-917A-46B96CCB8A56}.Debug|Any CPU.Build.0 = Debug|Any CPU
		{43E88EA3-C827-4467-917A-46B96CCB8A56}.Debug|Any CPU.Deploy.0 = Debug|Any CPU
		{43E88EA3-C827-4467-917A-46B96CCB8A56}.Debug|iPhone.ActiveCfg = Debug|Any CPU
		{43E88EA3-C827-4467-917A-46B96CCB8A56}.Debug|iPhone.Build.0 = Debug|Any CPU
		{43E88EA3-C827-4467-917A-46B96CCB8A56}.Debug|iPhone.Deploy.0 = Debug|Any CPU
		{43E88EA3-C827-4467-917A-46B96CCB8A56}.Debug|iPhoneSimulator.ActiveCfg = Debug|Any CPU
		{43E88EA3-C827-4467-917A-46B96CCB8A56}.Debug|iPhoneSimulator.Build.0 = Debug|Any CPU
		{43E88EA3-C827-4467-917A-46B96CCB8A56}.Debug|iPhoneSimulator.Deploy.0 = Debug|Any CPU
		{43E88EA3-C827-4467-917A-46B96CCB8A56}.Release|Any CPU.ActiveCfg = Release|Any CPU
		{43E88EA3-C827-4467-917A-46B96CCB8A56}.Release|Any CPU.Build.0 = Release|Any CPU
		{43E88EA3-C827-4467-917A-46B96CCB8A56}.Release|Any CPU.Deploy.0 = Release|Any CPU
		{43E88EA3-C827-4467-917A-46B96CCB8A56}.Release|iPhone.ActiveCfg = Release|Any CPU
		{43E88EA3-C827-4467-917A-46B96CCB8A56}.Release|iPhone.Build.0 = Release|Any CPU
		{43E88EA3-C827-4467-917A-46B96CCB8A56}.Release|iPhone.Deploy.0 = Release|Any CPU
		{43E88EA3-C827-4467-917A-46B96CCB8A56}.Release|iPhoneSimulator.ActiveCfg = Release|Any CPU
		{43E88EA3-C827-4467-917A-46B96CCB8A56}.Release|iPhoneSimulator.Build.0 = Release|Any CPU
		{43E88EA3-C827-4467-917A-46B96CCB8A56}.Release|iPhoneSimulator.Deploy.0 = Release|Any CPU
	EndGlobalSection
	GlobalSection(SolutionProperties) = preSolution
		HideSolutionNode = FALSE
	EndGlobalSection
	GlobalSection(ExtensibilityGlobals) = postSolution
		SolutionGuid = {7DAE5A04-47DE-4507-AC08-66943397D84E}
	EndGlobalSection
EndGlobal
